
Microsoft Visual Studio Solution File, Format Version 12.00
# Visual Studio Version 17
VisualStudioVersion = 17.2.32630.192
MinimumVisualStudioVersion = 10.0.40219.1
Project("{FAE04EC0-301F-11D3-BF4B-00C04F79EFBC}") = "mxProject.WindowsFormGenericHost.NETFramework", "mxProject.WindowsFormGenericHost.NETFramework.csproj", "{AED0AE8C-A033-45D4-AA33-6FAEE7D33BDE}"
EndProject
Global
	GlobalSection(SolutionConfigurationPlatforms) = preSolution
		Debug|Any CPU = Debug|Any CPU
		Release|Any CPU = Release|Any CPU
	EndGlobalSection
	GlobalSection(ProjectConfigurationPlatforms) = postSolution
		{AED0AE8C-A033-45D4-AA33-6FAEE7D33BDE}.Debug|Any CPU.ActiveCfg = Debug|Any CPU
		{AED0AE8C-A033-45D4-AA33-6FAEE7D33BDE}.Debug|Any CPU.Build.0 = Debug|Any CPU
		{AED0AE8C-A033-45D4-AA33-6FAEE7D33BDE}.Release|Any CPU.ActiveCfg = Release|Any CPU
		{AED0AE8C-A033-45D4-AA33-6FAEE7D33BDE}.Release|Any CPU.Build.0 = Release|Any CPU
	EndGlobalSection
	GlobalSection(SolutionProperties) = preSolution
		HideSolutionNode = FALSE
	EndGlobalSection
	GlobalSection(ExtensibilityGlobals) = postSolution
		SolutionGuid = {A83C50E0-E2C7-4457-B794-916B7721E336}
	EndGlobalSection
EndGlobal
